
Microsoft Visual Studio Solution File, Format Version 12.00
# Visual Studio 15
VisualStudioVersion = 15.0.28010.2046
MinimumVisualStudioVersion = 10.0.40219.1
Project("{FAE04EC0-301F-11D3-BF4B-00C04F79EFBC}") = "website", "info_test_2\website.csproj", "{57DFAD24-9A26-4E5C-925D-8BD135FB79A7}"
EndProject
Project("{FAE04EC0-301F-11D3-BF4B-00C04F79EFBC}") = "Cls_Master", "Cls_Master\Cls_Master.csproj", "{3437D89A-D9E7-4789-AE1C-2F0EBF16FE33}"
EndProject
Project("{FAE04EC0-301F-11D3-BF4B-00C04F79EFBC}") = "ConsoleAPI_test", "ConsoleAPI_test\ConsoleAPI_test.csproj", "{28136FC7-FCE3-4DB6-95B1-F9120BC331F7}"
EndProject
Project("{FAE04EC0-301F-11D3-BF4B-00C04F79EFBC}") = "MainClass", "..\..\..\Documents\GitHub\aereoporto\MainClass\MainClass.csproj", "{A52079EC-B82C-42BD-9FE3-54D4EAA9AC69}"
EndProject
Global
	GlobalSection(SolutionConfigurationPlatforms) = preSolution
		Debug|Any CPU = Debug|Any CPU
		Release|Any CPU = Release|Any CPU
	EndGlobalSection
	GlobalSection(ProjectConfigurationPlatforms) = postSolution
		{57DFAD24-9A26-4E5C-925D-8BD135FB79A7}.Debug|Any CPU.ActiveCfg = Debug|Any CPU
		{57DFAD24-9A26-4E5C-925D-8BD135FB79A7}.Debug|Any CPU.Build.0 = Debug|Any CPU
		{57DFAD24-9A26-4E5C-925D-8BD135FB79A7}.Release|Any CPU.ActiveCfg = Release|Any CPU
		{57DFAD24-9A26-4E5C-925D-8BD135FB79A7}.Release|Any CPU.Build.0 = Release|Any CPU
		{3437D89A-D9E7-4789-AE1C-2F0EBF16FE33}.Debug|Any CPU.ActiveCfg = Debug|Any CPU
		{3437D89A-D9E7-4789-AE1C-2F0EBF16FE33}.Debug|Any CPU.Build.0 = Debug|Any CPU
		{3437D89A-D9E7-4789-AE1C-2F0EBF16FE33}.Release|Any CPU.ActiveCfg = Release|Any CPU
		{3437D89A-D9E7-4789-AE1C-2F0EBF16FE33}.Release|Any CPU.Build.0 = Release|Any CPU
		{28136FC7-FCE3-4DB6-95B1-F9120BC331F7}.Debug|Any CPU.ActiveCfg = Debug|Any CPU
		{28136FC7-FCE3-4DB6-95B1-F9120BC331F7}.Debug|Any CPU.Build.0 = Debug|Any CPU
		{28136FC7-FCE3-4DB6-95B1-F9120BC331F7}.Release|Any CPU.ActiveCfg = Release|Any CPU
		{28136FC7-FCE3-4DB6-95B1-F9120BC331F7}.Release|Any CPU.Build.0 = Release|Any CPU
		{A52079EC-B82C-42BD-9FE3-54D4EAA9AC69}.Debug|Any CPU.ActiveCfg = Debug|Any CPU
		{A52079EC-B82C-42BD-9FE3-54D4EAA9AC69}.Debug|Any CPU.Build.0 = Debug|Any CPU
		{A52079EC-B82C-42BD-9FE3-54D4EAA9AC69}.Release|Any CPU.ActiveCfg = Release|Any CPU
		{A52079EC-B82C-42BD-9FE3-54D4EAA9AC69}.Release|Any CPU.Build.0 = Release|Any CPU
	EndGlobalSection
	GlobalSection(SolutionProperties) = preSolution
		HideSolutionNode = FALSE
	EndGlobalSection
	GlobalSection(ExtensibilityGlobals) = postSolution
		SolutionGuid = {0B368327-3FDC-4B6F-B50C-A5045813CD9A}
	EndGlobalSection
EndGlobal
